
Microsoft Visual Studio Solution File, Format Version 12.00
# Visual Studio Version 16
VisualStudioVersion = 16.0.29324.140
MinimumVisualStudioVersion = 10.0.40219.1
Project("{FAE04EC0-301F-11D3-BF4B-00C04F79EFBC}") = "ABitNow.Android", "ABitNow\ABitNow.Android\ABitNow.Android.csproj", "{BEF0AC75-9EBB-4064-B052-AC930E6ADDE5}"
EndProject
Project("{FAE04EC0-301F-11D3-BF4B-00C04F79EFBC}") = "ABitNow.iOS", "ABitNow\ABitNow.iOS\ABitNow.iOS.csproj", "{52C0C75A-B939-47EF-B33A-44340A5EFC3F}"
EndProject
Project("{9A19103F-16F7-4668-BE54-9A1E7A4F7556}") = "ABitNow", "ABitNow\ABitNow\ABitNow.csproj", "{A782C8D4-E674-49FC-8179-B5E88EC6F895}"
EndProject
Global
	GlobalSection(SolutionConfigurationPlatforms) = preSolution
		Debug|Any CPU = Debug|Any CPU
		Debug|ARM = Debug|ARM
		Debug|iPhone = Debug|iPhone
		Debug|iPhoneSimulator = Debug|iPhoneSimulator
		Debug|x64 = Debug|x64
		Debug|x86 = Debug|x86
		Release|Any CPU = Release|Any CPU
		Release|ARM = Release|ARM
		Release|iPhone = Release|iPhone
		Release|iPhoneSimulator = Release|iPhoneSimulator
		Release|x64 = Release|x64
		Release|x86 = Release|x86
	EndGlobalSection
	GlobalSection(ProjectConfigurationPlatforms) = postSolution
		{BEF0AC75-9EBB-4064-B052-AC930E6ADDE5}.Debug|Any CPU.ActiveCfg = Debug|Any CPU
		{BEF0AC75-9EBB-4064-B052-AC930E6ADDE5}.Debug|Any CPU.Build.0 = Debug|Any CPU
		{BEF0AC75-9EBB-4064-B052-AC930E6ADDE5}.Debug|Any CPU.Deploy.0 = Debug|Any CPU
		{BEF0AC75-9EBB-4064-B052-AC930E6ADDE5}.Debug|ARM.ActiveCfg = Debug|Any CPU
		{BEF0AC75-9EBB-4064-B052-AC930E6ADDE5}.Debug|ARM.Build.0 = Debug|Any CPU
		{BEF0AC75-9EBB-4064-B052-AC930E6ADDE5}.Debug|ARM.Deploy.0 = Debug|Any CPU
		{BEF0AC75-9EBB-4064-B052-AC930E6ADDE5}.Debug|iPhone.ActiveCfg = Debug|Any CPU
		{BEF0AC75-9EBB-4064-B052-AC930E6ADDE5}.Debug|iPhone.Build.0 = Debug|Any CPU
		{BEF0AC75-9EBB-4064-B052-AC930E6ADDE5}.Debug|iPhone.Deploy.0 = Debug|Any CPU
		{BEF0AC75-9EBB-4064-B052-AC930E6ADDE5}.Debug|iPhoneSimulator.ActiveCfg = Debug|Any CPU
		{BEF0AC75-9EBB-4064-B052-AC930E6ADDE5}.Debug|iPhoneSimulator.Build.0 = Debug|Any CPU
		{BEF0AC75-9EBB-4064-B052-AC930E6ADDE5}.Debug|iPhoneSimulator.Deploy.0 = Debug|Any CPU
		{BEF0AC75-9EBB-4064-B052-AC930E6ADDE5}.Debug|x64.ActiveCfg = Debug|Any CPU
		{BEF0AC75-9EBB-4064-B052-AC930E6ADDE5}.Debug|x64.Build.0 = Debug|Any CPU
		{BEF0AC75-9EBB-4064-B052-AC930E6ADDE5}.Debug|x64.Deploy.0 = Debug|Any CPU
		{BEF0AC75-9EBB-4064-B052-AC930E6ADDE5}.Debug|x86.ActiveCfg = Debug|Any CPU
		{BEF0AC75-9EBB-4064-B052-AC930E6ADDE5}.Debug|x86.Build.0 = Debug|Any CPU
		{BEF0AC75-9EBB-4064-B052-AC930E6ADDE5}.Debug|x86.Deploy.0 = Debug|Any CPU
		{BEF0AC75-9EBB-4064-B052-AC930E6ADDE5}.Release|Any CPU.ActiveCfg = Release|Any CPU
		{BEF0AC75-9EBB-4064-B052-AC930E6ADDE5}.Release|Any CPU.Build.0 = Release|Any CPU
		{BEF0AC75-9EBB-4064-B052-AC930E6ADDE5}.Release|Any CPU.Deploy.0 = Release|Any CPU
		{BEF0AC75-9EBB-4064-B052-AC930E6ADDE5}.Release|ARM.ActiveCfg = Release|Any CPU
		{BEF0AC75-9EBB-4064-B052-AC930E6ADDE5}.Release|ARM.Build.0 = Release|Any CPU
		{BEF0AC75-9EBB-4064-B052-AC930E6ADDE5}.Release|ARM.Deploy.0 = Release|Any CPU
		{BEF0AC75-9EBB-4064-B052-AC930E6ADDE5}.Release|iPhone.ActiveCfg = Release|Any CPU
		{BEF0AC75-9EBB-4064-B052-AC930E6ADDE5}.Release|iPhone.Build.0 = Release|Any CPU
		{BEF0AC75-9EBB-4064-B052-AC930E6ADDE5}.Release|iPhone.Deploy.0 = Release|Any CPU
		{BEF0AC75-9EBB-4064-B052-AC930E6ADDE5}.Release|iPhoneSimulator.ActiveCfg = Release|Any CPU
		{BEF0AC75-9EBB-4064-B052-AC930E6ADDE5}.Release|iPhoneSimulator.Build.0 = Release|Any CPU
		{BEF0AC75-9EBB-4064-B052-AC930E6ADDE5}.Release|iPhoneSimulator.Deploy.0 = Release|Any CPU
		{BEF0AC75-9EBB-4064-B052-AC930E6ADDE5}.Release|x64.ActiveCfg = Release|Any CPU
		{BEF0AC75-9EBB-4064-B052-AC930E6ADDE5}.Release|x64.Build.0 = Release|Any CPU
		{BEF0AC75-9EBB-4064-B052-AC930E6ADDE5}.Release|x64.Deploy.0 = Release|Any CPU
		{BEF0AC75-9EBB-4064-B052-AC930E6ADDE5}.Release|x86.ActiveCfg = Release|Any CPU
		{BEF0AC75-9EBB-4064-B052-AC930E6ADDE5}.Release|x86.Build.0 = Release|Any CPU
		{BEF0AC75-9EBB-4064-B052-AC930E6ADDE5}.Release|x86.Deploy.0 = Release|Any CPU
		{52C0C75A-B939-47EF-B33A-44340A5EFC3F}.Debug|Any CPU.ActiveCfg = Debug|iPhone
		{52C0C75A-B939-47EF-B33A-44340A5EFC3F}.Debug|Any CPU.Build.0 = Debug|iPhone
		{52C0C75A-B939-47EF-B33A-44340A5EFC3F}.Debug|Any CPU.Deploy.0 = Debug|iPhone
		{52C0C75A-B939-47EF-B33A-44340A5EFC3F}.Debug|ARM.ActiveCfg = Debug|iPhoneSimulator
		{52C0C75A-B939-47EF-B33A-44340A5EFC3F}.Debug|ARM.Build.0 = Debug|iPhoneSimulator
		{52C0C75A-B939-47EF-B33A-44340A5EFC3F}.Debug|ARM.Deploy.0 = Debug|iPhoneSimulator
		{52C0C75A-B939-47EF-B33A-44340A5EFC3F}.Debug|iPhone.ActiveCfg = Debug|iPhone
		{52C0C75A-B939-47EF-B33A-44340A5EFC3F}.Debug|iPhone.Build.0 = Debug|iPhone
		{52C0C75A-B939-47EF-B33A-44340A5EFC3F}.Debug|iPhone.Deploy.0 = Debug|iPhone
		{52C0C75A-B939-47EF-B33A-44340A5EFC3F}.Debug|iPhoneSimulator.ActiveCfg = Debug|iPhoneSimulator
		{52C0C75A-B939-47EF-B33A-44340A5EFC3F}.Debug|iPhoneSimulator.Build.0 = Debug|iPhoneSimulator
		{52C0C75A-B939-47EF-B33A-44340A5EFC3F}.Debug|iPhoneSimulator.Deploy.0 = Debug|iPhoneSimulator
		{52C0C75A-B939-47EF-B33A-44340A5EFC3F}.Debug|x64.ActiveCfg = Debug|iPhone
		{52C0C75A-B939-47EF-B33A-44340A5EFC3F}.Debug|x64.Build.0 = Debug|iPhone
		{52C0C75A-B939-47EF-B33A-44340A5EFC3F}.Debug|x64.Deploy.0 = Debug|iPhone
		{52C0C75A-B939-47EF-B33A-44340A5EFC3F}.Debug|x86.ActiveCfg = Debug|iPhone
		{52C0C75A-B939-47EF-B33A-44340A5EFC3F}.Debug|x86.Build.0 = Debug|iPhone
		{52C0C75A-B939-47EF-B33A-44340A5EFC3F}.Debug|x86.Deploy.0 = Debug|iPhone
		{52C0C75A-B939-47EF-B33A-44340A5EFC3F}.Release|Any CPU.ActiveCfg = Release|iPhone
		{52C0C75A-B939-47EF-B33A-44340A5EFC3F}.Release|Any CPU.Build.0 = Release|iPhone
		{52C0C75A-B939-47EF-B33A-44340A5EFC3F}.Release|Any CPU.Deploy.0 = Release|iPhone
		{52C0C75A-B939-47EF-B33A-44340A5EFC3F}.Release|ARM.ActiveCfg = Release|iPhone
		{52C0C75A-B939-47EF-B33A-44340A5EFC3F}.Release|ARM.Build.0 = Release|iPhone
		{52C0C75A-B939-47EF-B33A-44340A5EFC3F}.Release|ARM.Deploy.0 = Release|iPhone
		{52C0C75A-B939-47EF-B33A-44340A5EFC3F}.Release|iPhone.ActiveCfg = Release|iPhone
		{52C0C75A-B939-47EF-B33A-44340A5EFC3F}.Release|iPhone.Build.0 = Release|iPhone
		{52C0C75A-B939-47EF-B33A-44340A5EFC3F}.Release|iPhone.Deploy.0 = Release|iPhone
		{52C0C75A-B939-47EF-B33A-44340A5EFC3F}.Release|iPhoneSimulator.ActiveCfg = Release|iPhoneSimulator
		{52C0C75A-B939-47EF-B33A-44340A5EFC3F}.Release|iPhoneSimulator.Build.0 = Release|iPhoneSimulator
		{52C0C75A-B939-47EF-B33A-44340A5EFC3F}.Release|iPhoneSimulator.Deploy.0 = Release|iPhoneSimulator
		{52C0C75A-B939-47EF-B33A-44340A5EFC3F}.Release|x64.ActiveCfg = Release|iPhone
		{52C0C75A-B939-47EF-B33A-44340A5EFC3F}.Release|x64.Build.0 = Release|iPhone
		{52C0C75A-B939-47EF-B33A-44340A5EFC3F}.Release|x64.Deploy.0 = Release|iPhone
		{52C0C75A-B939-47EF-B33A-44340A5EFC3F}.Release|x86.ActiveCfg = Release|iPhone
		{52C0C75A-B939-47EF-B33A-44340A5EFC3F}.Release|x86.Build.0 = Release|iPhone
		{52C0C75A-B939-47EF-B33A-44340A5EFC3F}.Release|x86.Deploy.0 = Release|iPhone
		{A782C8D4-E674-49FC-8179-B5E88EC6F895}.Debug|Any CPU.ActiveCfg = Debug|Any CPU
		{A782C8D4-E674-49FC-8179-B5E88EC6F895}.Debug|Any CPU.Build.0 = Debug|Any CPU
		{A782C8D4-E674-49FC-8179-B5E88EC6F895}.Debug|Any CPU.Deploy.0 = Debug|Any CPU
		{A782C8D4-E674-49FC-8179-B5E88EC6F895}.Debug|ARM.ActiveCfg = Debug|Any CPU
		{A782C8D4-E674-49FC-8179-B5E88EC6F895}.Debug|ARM.Build.0 = Debug|Any CPU
		{A782C8D4-E674-49FC-8179-B5E88EC6F895}.Debug|ARM.Deploy.0 = Debug|Any CPU
		{A782C8D4-E674-49FC-8179-B5E88EC6F895}.Debug|iPhone.ActiveCfg = Debug|Any CPU
		{A782C8D4-E674-49FC-8179-B5E88EC6F895}.Debug|iPhone.Build.0 = Debug|Any CPU
		{A782C8D4-E674-49FC-8179-B5E88EC6F895}.Debug|iPhone.Deploy.0 = Debug|Any CPU
		{A782C8D4-E674-49FC-8179-B5E88EC6F895}.Debug|iPhoneSimulator.ActiveCfg = Debug|Any CPU
		{A782C8D4-E674-49FC-8179-B5E88EC6F895}.Debug|iPhoneSimulator.Build.0 = Debug|Any CPU
		{A782C8D4-E674-49FC-8179-B5E88EC6F895}.Debug|iPhoneSimulator.Deploy.0 = Debug|Any CPU
		{A782C8D4-E674-49FC-8179-B5E88EC6F895}.Debug|x64.ActiveCfg = Debug|Any CPU
		{A782C8D4-E674-49FC-8179-B5E88EC6F895}.Debug|x64.Build.0 = Debug|Any CPU
		{A782C8D4-E674-49FC-8179-B5E88EC6F895}.Debug|x64.Deploy.0 = Debug|Any CPU
		{A782C8D4-E674-49FC-8179-B5E88EC6F895}.Debug|x86.ActiveCfg = Debug|Any CPU
		{A782C8D4-E674-49FC-8179-B5E88EC6F895}.Debug|x86.Build.0 = Debug|Any CPU
		{A782C8D4-E674-49FC-8179-B5E88EC6F895}.Debug|x86.Deploy.0 = Debug|Any CPU
		{A782C8D4-E674-49FC-8179-B5E88EC6F895}.Release|Any CPU.ActiveCfg = Release|Any CPU
		{A782C8D4-E674-49FC-8179-B5E88EC6F895}.Release|Any CPU.Build.0 = Release|Any CPU
		{A782C8D4-E674-49FC-8179-B5E88EC6F895}.Release|Any CPU.Deploy.0 = Release|Any CPU
		{A782C8D4-E674-49FC-8179-B5E88EC6F895}.Release|ARM.ActiveCfg = Release|Any CPU
		{A782C8D4-E674-49FC-8179-B5E88EC6F895}.Release|ARM.Build.0 = Release|Any CPU
		{A782C8D4-E674-49FC-8179-B5E88EC6F895}.Release|ARM.Deploy.0 = Release|Any CPU
		{A782C8D4-E674-49FC-8179-B5E88EC6F895}.Release|iPhone.ActiveCfg = Release|Any CPU
		{A782C8D4-E674-49FC-8179-B5E88EC6F895}.Release|iPhone.Build.0 = Release|Any CPU
		{A782C8D4-E674-49FC-8179-B5E88EC6F895}.Release|iPhone.Deploy.0 = Release|Any CPU
		{A782C8D4-E674-49FC-8179-B5E88EC6F895}.Release|iPhoneSimulator.ActiveCfg = Release|Any CPU
		{A782C8D4-E674-49FC-8179-B5E88EC6F895}.Release|iPhoneSimulator.Build.0 = Release|Any CPU
		{A782C8D4-E674-49FC-8179-B5E88EC6F895}.Release|iPhoneSimulator.Deploy.0 = Release|Any CPU
		{A782C8D4-E674-49FC-8179-B5E88EC6F895}.Release|x64.ActiveCfg = Release|Any CPU
		{A782C8D4-E674-49FC-8179-B5E88EC6F895}.Release|x64.Build.0 = Release|Any CPU
		{A782C8D4-E674-49FC-8179-B5E88EC6F895}.Release|x64.Deploy.0 = Release|Any CPU
		{A782C8D4-E674-49FC-8179-B5E88EC6F895}.Release|x86.ActiveCfg = Release|Any CPU
		{A782C8D4-E674-49FC-8179-B5E88EC6F895}.Release|x86.Build.0 = Release|Any CPU
		{A782C8D4-E674-49FC-8179-B5E88EC6F895}.Release|x86.Deploy.0 = Release|Any CPU
	EndGlobalSection
	GlobalSection(SolutionProperties) = preSolution
		HideSolutionNode = FALSE
	EndGlobalSection
	GlobalSection(ExtensibilityGlobals) = postSolution
		SolutionGuid = {55B0205B-0BA6-4091-B454-A24F2BB8788D}
	EndGlobalSection
EndGlobal
